<?xml version="1.0" encoding="utf-8"?>
<Project ToolsVersion="4.0" xmlns="http://schemas.microsoft.com/developer/msbuild/2003">
  <ItemGroup>
    <Filter Include="Collider">
      <UniqueIdentifier>{2305e6ec-e584-4416-8d29-16b06b2d44fd}</UniqueIdentifier>
    </Filter>
  </ItemGroup>
  <ItemGroup>
    <ClCompile Include="ColliderComponent.cpp" />
    <ClCompile Include="ColliderSystem.cpp" />
    <ClCompile Include="Collision.cpp" />
    <ClCompile Include="AABBCollider.cpp">
      <Filter>Collider</Filter>
    </ClCompile>
    <ClCompile Include="ColliderBase.cpp">
      <Filter>Collider</Filter>
    </ClCompile>
    <ClCompile Include="OBBCollider.cpp">
      <Filter>Collider</Filter>
    </ClCompile>
    <ClCompile Include="SphereCollider.cpp">
      <Filter>Collider</Filter>
    </ClCompile>
  </ItemGroup>
  <ItemGroup>
    <ClInclude Include="ColliderComponent.h" />
    <ClInclude Include="ColliderSystem.h" />
    <ClInclude Include="Collision.h" />
    <ClInclude Include="AABBCollider.h">
      <Filter>Collider</Filter>
    </ClInclude>
    <ClInclude Include="ColliderBase.h">
      <Filter>Collider</Filter>
    </ClInclude>
    <ClInclude Include="OBBCollider.h">
      <Filter>Collider</Filter>
    </ClInclude>
    <ClInclude Include="SphereCollider.h">
      <Filter>Collider</Filter>
    </ClInclude>
  </ItemGroup>
</Project>