
Microsoft Visual Studio Solution File, Format Version 12.00
# Visual Studio Version 16
VisualStudioVersion = 16.0.31624.102
MinimumVisualStudioVersion = 10.0.40219.1
Project("{2150E333-8FDC-42A3-9474-1A3956D46DE8}") = "Rain3DEngine", "Rain3DEngine", "{ED2111D5-27B6-4E2B-8E28-01FF173750C8}"
EndProject
Project("{8BC9CEB8-8B4A-11D0-8D11-00A0C91BC942}") = "Render", "Render\Render.vcxproj", "{D3A01780-35F7-4B01-B2AC-241D5245687E}"
EndProject
Project("{8BC9CEB8-8B4A-11D0-8D11-00A0C91BC942}") = "Result", "Result\Result.vcxproj", "{B0854676-4EEA-485E-8C6B-16BCFCB9EB18}"
EndProject
Project("{8BC9CEB8-8B4A-11D0-8D11-00A0C91BC942}") = "GameObject", "GameObject\GameObject.vcxproj", "{BF630851-63AB-406D-A6F7-00D268F403EE}"
EndProject
Project("{8BC9CEB8-8B4A-11D0-8D11-00A0C91BC942}") = "Transform", "Transform\Transform.vcxproj", "{F8DFC15E-11B6-4423-BEFB-BC41546E5598}"
EndProject
Project("{8BC9CEB8-8B4A-11D0-8D11-00A0C91BC942}") = "Input", "Input\Input.vcxproj", "{2ED7FC8D-AADF-4676-B5D1-5ECCC479BD10}"
EndProject
Project("{8BC9CEB8-8B4A-11D0-8D11-00A0C91BC942}") = "Math", "Math\Math.vcxproj", "{026E63E4-4685-487C-A2AF-CABDE1858BF8}"
EndProject
Project("{8BC9CEB8-8B4A-11D0-8D11-00A0C91BC942}") = "ECS", "ECS\ECS.vcxproj", "{43AD0A70-E908-4B94-8167-A1A14E9F23C6}"
EndProject
Project("{8BC9CEB8-8B4A-11D0-8D11-00A0C91BC942}") = "Camera", "Camera\Camera.vcxproj", "{DADBBF17-7C27-4D13-B60A-73D37F0DA1F3}"
EndProject
Project("{8BC9CEB8-8B4A-11D0-8D11-00A0C91BC942}") = "Time", "Time\Time.vcxproj", "{D2A78E7F-6FCC-4C30-8610-E3868E86C87C}"
EndProject
Project("{8BC9CEB8-8B4A-11D0-8D11-00A0C91BC942}") = "Event", "Event\Event.vcxproj", "{7878B4DE-1A09-4E5E-B6F1-F6941C2AA292}"
EndProject
Project("{2150E333-8FDC-42A3-9474-1A3956D46DE8}") = "MyGame", "MyGame", "{0467F90F-856D-4079-BD11-B1F5EE5610CA}"
EndProject
Project("{2150E333-8FDC-42A3-9474-1A3956D46DE8}") = "Tool", "Tool", "{CB6A4F43-D5C1-41D9-94A5-2A2A1DA045DF}"
EndProject
Project("{8BC9CEB8-8B4A-11D0-8D11-00A0C91BC942}") = "Asset", "Asset\Asset.vcxproj", "{1E18073B-4048-4185-A5B4-8ADCA554A2DA}"
EndProject
Project("{8BC9CEB8-8B4A-11D0-8D11-00A0C91BC942}") = "EngineLog", "EngineLog\EngineLog.vcxproj", "{68092137-2196-453E-AE71-A06861093138}"
EndProject
Project("{8BC9CEB8-8B4A-11D0-8D11-00A0C91BC942}") = "Lua", "LUA\Lua.vcxproj", "{33D7DA59-534C-40EE-9F25-59B184DB5CEF}"
EndProject
Project("{8BC9CEB8-8B4A-11D0-8D11-00A0C91BC942}") = "MeshRender", "MeshRender\MeshRender.vcxproj", "{3DADA264-3893-4D8E-846D-0E49C503DE89}"
EndProject
Project("{8BC9CEB8-8B4A-11D0-8D11-00A0C91BC942}") = "Task", "Task\Task.vcxproj", "{7D62198A-5889-49B3-BD94-4100C0AC6CD8}"
EndProject
Project("{8BC9CEB8-8B4A-11D0-8D11-00A0C91BC942}") = "Reflect", "Reflect\Reflect.vcxproj", "{F1A88E4C-2AF6-40E0-BEAE-F79DEF1593B3}"
EndProject
Project("{8BC9CEB8-8B4A-11D0-8D11-00A0C91BC942}") = "MayaExporter", "MayaExporter\MayaExporter.vcxproj", "{EC9F8416-E7E1-4470-9250-FA7206273E38}"
EndProject
Project("{8BC9CEB8-8B4A-11D0-8D11-00A0C91BC942}") = "Game", "Game\Game.vcxproj", "{026A53E1-22AA-405D-8377-86D0E0042F10}"
EndProject
Project("{2150E333-8FDC-42A3-9474-1A3956D46DE8}") = "EngineUI", "EngineUI", "{F5E6EF85-846E-4240-A93A-A035563D80C7}"
EndProject
Project("{8BC9CEB8-8B4A-11D0-8D11-00A0C91BC942}") = "TestDLL", "TestDLL\TestDLL.vcxproj", "{6D2A7CF2-C926-47DE-A581-848D951B5FA3}"
EndProject
Project("{8BC9CEB8-8B4A-11D0-8D11-00A0C91BC942}") = "Collision", "Collision\Collision.vcxproj", "{3A4B6747-2A72-4433-8CB1-621CBE9BAB07}"
EndProject
Project("{8BC9CEB8-8B4A-11D0-8D11-00A0C91BC942}") = "Animation", "Animation\Animation.vcxproj", "{89E4E0B4-2D6B-4E08-9165-4CCE938660BD}"
EndProject
Project("{8BC9CEB8-8B4A-11D0-8D11-00A0C91BC942}") = "AI", "AI\AI.vcxproj", "{DBD67775-72A3-403B-8DC9-595EF78358E8}"
EndProject
Project("{8BC9CEB8-8B4A-11D0-8D11-00A0C91BC942}") = "Application", "Application\Application.vcxproj", "{F2452C90-AB6D-42CB-88FD-4334B19F870C}"
EndProject
Project("{8BC9CEB8-8B4A-11D0-8D11-00A0C91BC942}") = "Multithreading", "Multithreading\Multithreading.vcxproj", "{F5F60413-B760-4577-BD03-8D9CD04286C0}"
EndProject
Project("{8BC9CEB8-8B4A-11D0-8D11-00A0C91BC942}") = "MayaAnimExporter", "MayaAnimExporter\MayaAnimExporter.vcxproj", "{0B53B502-AE9E-40A8-932E-5AF748DF3912}"
EndProject
Global
	GlobalSection(SolutionConfigurationPlatforms) = preSolution
		Debug|x64 = Debug|x64
		Debug|x86 = Debug|x86
		Release|x64 = Release|x64
		Release|x86 = Release|x86
	EndGlobalSection
	GlobalSection(ProjectConfigurationPlatforms) = postSolution
		{D3A01780-35F7-4B01-B2AC-241D5245687E}.Debug|x64.ActiveCfg = Debug|x64
		{D3A01780-35F7-4B01-B2AC-241D5245687E}.Debug|x64.Build.0 = Debug|x64
		{D3A01780-35F7-4B01-B2AC-241D5245687E}.Debug|x86.ActiveCfg = Debug|Win32
		{D3A01780-35F7-4B01-B2AC-241D5245687E}.Debug|x86.Build.0 = Debug|Win32
		{D3A01780-35F7-4B01-B2AC-241D5245687E}.Release|x64.ActiveCfg = Release|x64
		{D3A01780-35F7-4B01-B2AC-241D5245687E}.Release|x64.Build.0 = Release|x64
		{D3A01780-35F7-4B01-B2AC-241D5245687E}.Release|x86.ActiveCfg = Release|Win32
		{D3A01780-35F7-4B01-B2AC-241D5245687E}.Release|x86.Build.0 = Release|Win32
		{B0854676-4EEA-485E-8C6B-16BCFCB9EB18}.Debug|x64.ActiveCfg = Debug|x64
		{B0854676-4EEA-485E-8C6B-16BCFCB9EB18}.Debug|x64.Build.0 = Debug|x64
		{B0854676-4EEA-485E-8C6B-16BCFCB9EB18}.Debug|x86.ActiveCfg = Debug|Win32
		{B0854676-4EEA-485E-8C6B-16BCFCB9EB18}.Debug|x86.Build.0 = Debug|Win32
		{B0854676-4EEA-485E-8C6B-16BCFCB9EB18}.Release|x64.ActiveCfg = Release|x64
		{B0854676-4EEA-485E-8C6B-16BCFCB9EB18}.Release|x64.Build.0 = Release|x64
		{B0854676-4EEA-485E-8C6B-16BCFCB9EB18}.Release|x86.ActiveCfg = Release|Win32
		{B0854676-4EEA-485E-8C6B-16BCFCB9EB18}.Release|x86.Build.0 = Release|Win32
		{BF630851-63AB-406D-A6F7-00D268F403EE}.Debug|x64.ActiveCfg = Debug|x64
		{BF630851-63AB-406D-A6F7-00D268F403EE}.Debug|x64.Build.0 = Debug|x64
		{BF630851-63AB-406D-A6F7-00D268F403EE}.Debug|x86.ActiveCfg = Debug|Win32
		{BF630851-63AB-406D-A6F7-00D268F403EE}.Debug|x86.Build.0 = Debug|Win32
		{BF630851-63AB-406D-A6F7-00D268F403EE}.Release|x64.ActiveCfg = Release|x64
		{BF630851-63AB-406D-A6F7-00D268F403EE}.Release|x64.Build.0 = Release|x64
		{BF630851-63AB-406D-A6F7-00D268F403EE}.Release|x86.ActiveCfg = Release|Win32
		{BF630851-63AB-406D-A6F7-00D268F403EE}.Release|x86.Build.0 = Release|Win32
		{F8DFC15E-11B6-4423-BEFB-BC41546E5598}.Debug|x64.ActiveCfg = Debug|x64
		{F8DFC15E-11B6-4423-BEFB-BC41546E5598}.Debug|x64.Build.0 = Debug|x64
		{F8DFC15E-11B6-4423-BEFB-BC41546E5598}.Debug|x86.ActiveCfg = Debug|Win32
		{F8DFC15E-11B6-4423-BEFB-BC41546E5598}.Debug|x86.Build.0 = Debug|Win32
		{F8DFC15E-11B6-4423-BEFB-BC41546E5598}.Release|x64.ActiveCfg = Release|x64
		{F8DFC15E-11B6-4423-BEFB-BC41546E5598}.Release|x64.Build.0 = Release|x64
		{F8DFC15E-11B6-4423-BEFB-BC41546E5598}.Release|x86.ActiveCfg = Release|Win32
		{F8DFC15E-11B6-4423-BEFB-BC41546E5598}.Release|x86.Build.0 = Release|Win32
		{2ED7FC8D-AADF-4676-B5D1-5ECCC479BD10}.Debug|x64.ActiveCfg = Debug|x64
		{2ED7FC8D-AADF-4676-B5D1-5ECCC479BD10}.Debug|x64.Build.0 = Debug|x64
		{2ED7FC8D-AADF-4676-B5D1-5ECCC479BD10}.Debug|x86.ActiveCfg = Debug|Win32
		{2ED7FC8D-AADF-4676-B5D1-5ECCC479BD10}.Debug|x86.Build.0 = Debug|Win32
		{2ED7FC8D-AADF-4676-B5D1-5ECCC479BD10}.Release|x64.ActiveCfg = Release|x64
		{2ED7FC8D-AADF-4676-B5D1-5ECCC479BD10}.Release|x64.Build.0 = Release|x64
		{2ED7FC8D-AADF-4676-B5D1-5ECCC479BD10}.Release|x86.ActiveCfg = Release|Win32
		{2ED7FC8D-AADF-4676-B5D1-5ECCC479BD10}.Release|x86.Build.0 = Release|Win32
		{026E63E4-4685-487C-A2AF-CABDE1858BF8}.Debug|x64.ActiveCfg = Debug|x64
		{026E63E4-4685-487C-A2AF-CABDE1858BF8}.Debug|x64.Build.0 = Debug|x64
		{026E63E4-4685-487C-A2AF-CABDE1858BF8}.Debug|x86.ActiveCfg = Debug|Win32
		{026E63E4-4685-487C-A2AF-CABDE1858BF8}.Debug|x86.Build.0 = Debug|Win32
		{026E63E4-4685-487C-A2AF-CABDE1858BF8}.Release|x64.ActiveCfg = Release|x64
		{026E63E4-4685-487C-A2AF-CABDE1858BF8}.Release|x64.Build.0 = Release|x64
		{026E63E4-4685-487C-A2AF-CABDE1858BF8}.Release|x86.ActiveCfg = Release|Win32
		{026E63E4-4685-487C-A2AF-CABDE1858BF8}.Release|x86.Build.0 = Release|Win32
		{43AD0A70-E908-4B94-8167-A1A14E9F23C6}.Debug|x64.ActiveCfg = Debug|x64
		{43AD0A70-E908-4B94-8167-A1A14E9F23C6}.Debug|x64.Build.0 = Debug|x64
		{43AD0A70-E908-4B94-8167-A1A14E9F23C6}.Debug|x86.ActiveCfg = Debug|Win32
		{43AD0A70-E908-4B94-8167-A1A14E9F23C6}.Debug|x86.Build.0 = Debug|Win32
		{43AD0A70-E908-4B94-8167-A1A14E9F23C6}.Release|x64.ActiveCfg = Release|x64
		{43AD0A70-E908-4B94-8167-A1A14E9F23C6}.Release|x64.Build.0 = Release|x64
		{43AD0A70-E908-4B94-8167-A1A14E9F23C6}.Release|x86.ActiveCfg = Release|Win32
		{43AD0A70-E908-4B94-8167-A1A14E9F23C6}.Release|x86.Build.0 = Release|Win32
		{DADBBF17-7C27-4D13-B60A-73D37F0DA1F3}.Debug|x64.ActiveCfg = Debug|x64
		{DADBBF17-7C27-4D13-B60A-73D37F0DA1F3}.Debug|x64.Build.0 = Debug|x64
		{DADBBF17-7C27-4D13-B60A-73D37F0DA1F3}.Debug|x86.ActiveCfg = Debug|Win32
		{DADBBF17-7C27-4D13-B60A-73D37F0DA1F3}.Debug|x86.Build.0 = Debug|Win32
		{DADBBF17-7C27-4D13-B60A-73D37F0DA1F3}.Release|x64.ActiveCfg = Release|x64
		{DADBBF17-7C27-4D13-B60A-73D37F0DA1F3}.Release|x64.Build.0 = Release|x64
		{DADBBF17-7C27-4D13-B60A-73D37F0DA1F3}.Release|x86.ActiveCfg = Release|Win32
		{DADBBF17-7C27-4D13-B60A-73D37F0DA1F3}.Release|x86.Build.0 = Release|Win32
		{D2A78E7F-6FCC-4C30-8610-E3868E86C87C}.Debug|x64.ActiveCfg = Debug|x64
		{D2A78E7F-6FCC-4C30-8610-E3868E86C87C}.Debug|x64.Build.0 = Debug|x64
		{D2A78E7F-6FCC-4C30-8610-E3868E86C87C}.Debug|x86.ActiveCfg = Debug|Win32
		{D2A78E7F-6FCC-4C30-8610-E3868E86C87C}.Debug|x86.Build.0 = Debug|Win32
		{D2A78E7F-6FCC-4C30-8610-E3868E86C87C}.Release|x64.ActiveCfg = Release|x64
		{D2A78E7F-6FCC-4C30-8610-E3868E86C87C}.Release|x64.Build.0 = Release|x64
		{D2A78E7F-6FCC-4C30-8610-E3868E86C87C}.Release|x86.ActiveCfg = Release|Win32
		{D2A78E7F-6FCC-4C30-8610-E3868E86C87C}.Release|x86.Build.0 = Release|Win32
		{7878B4DE-1A09-4E5E-B6F1-F6941C2AA292}.Debug|x64.ActiveCfg = Debug|x64
		{7878B4DE-1A09-4E5E-B6F1-F6941C2AA292}.Debug|x64.Build.0 = Debug|x64
		{7878B4DE-1A09-4E5E-B6F1-F6941C2AA292}.Debug|x86.ActiveCfg = Debug|Win32
		{7878B4DE-1A09-4E5E-B6F1-F6941C2AA292}.Debug|x86.Build.0 = Debug|Win32
		{7878B4DE-1A09-4E5E-B6F1-F6941C2AA292}.Release|x64.ActiveCfg = Release|x64
		{7878B4DE-1A09-4E5E-B6F1-F6941C2AA292}.Release|x64.Build.0 = Release|x64
		{7878B4DE-1A09-4E5E-B6F1-F6941C2AA292}.Release|x86.ActiveCfg = Release|Win32
		{7878B4DE-1A09-4E5E-B6F1-F6941C2AA292}.Release|x86.Build.0 = Release|Win32
		{1E18073B-4048-4185-A5B4-8ADCA554A2DA}.Debug|x64.ActiveCfg = Debug|x64
		{1E18073B-4048-4185-A5B4-8ADCA554A2DA}.Debug|x64.Build.0 = Debug|x64
		{1E18073B-4048-4185-A5B4-8ADCA554A2DA}.Debug|x86.ActiveCfg = Debug|Win32
		{1E18073B-4048-4185-A5B4-8ADCA554A2DA}.Debug|x86.Build.0 = Debug|Win32
		{1E18073B-4048-4185-A5B4-8ADCA554A2DA}.Release|x64.ActiveCfg = Release|x64
		{1E18073B-4048-4185-A5B4-8ADCA554A2DA}.Release|x64.Build.0 = Release|x64
		{1E18073B-4048-4185-A5B4-8ADCA554A2DA}.Release|x86.ActiveCfg = Release|Win32
		{1E18073B-4048-4185-A5B4-8ADCA554A2DA}.Release|x86.Build.0 = Release|Win32
		{68092137-2196-453E-AE71-A06861093138}.Debug|x64.ActiveCfg = Debug|x64
		{68092137-2196-453E-AE71-A06861093138}.Debug|x64.Build.0 = Debug|x64
		{68092137-2196-453E-AE71-A06861093138}.Debug|x86.ActiveCfg = Debug|Win32
		{68092137-2196-453E-AE71-A06861093138}.Debug|x86.Build.0 = Debug|Win32
		{68092137-2196-453E-AE71-A06861093138}.Release|x64.ActiveCfg = Release|x64
		{68092137-2196-453E-AE71-A06861093138}.Release|x64.Build.0 = Release|x64
		{68092137-2196-453E-AE71-A06861093138}.Release|x86.ActiveCfg = Release|Win32
		{68092137-2196-453E-AE71-A06861093138}.Release|x86.Build.0 = Release|Win32
		{33D7DA59-534C-40EE-9F25-59B184DB5CEF}.Debug|x64.ActiveCfg = Debug|x64
		{33D7DA59-534C-40EE-9F25-59B184DB5CEF}.Debug|x64.Build.0 = Debug|x64
		{33D7DA59-534C-40EE-9F25-59B184DB5CEF}.Debug|x86.ActiveCfg = Debug|Win32
		{33D7DA59-534C-40EE-9F25-59B184DB5CEF}.Debug|x86.Build.0 = Debug|Win32
		{33D7DA59-534C-40EE-9F25-59B184DB5CEF}.Release|x64.ActiveCfg = Release|x64
		{33D7DA59-534C-40EE-9F25-59B184DB5CEF}.Release|x64.Build.0 = Release|x64
		{33D7DA59-534C-40EE-9F25-59B184DB5CEF}.Release|x86.ActiveCfg = Release|Win32
		{33D7DA59-534C-40EE-9F25-59B184DB5CEF}.Release|x86.Build.0 = Release|Win32
		{3DADA264-3893-4D8E-846D-0E49C503DE89}.Debug|x64.ActiveCfg = Debug|x64
		{3DADA264-3893-4D8E-846D-0E49C503DE89}.Debug|x64.Build.0 = Debug|x64
		{3DADA264-3893-4D8E-846D-0E49C503DE89}.Debug|x86.ActiveCfg = Debug|Win32
		{3DADA264-3893-4D8E-846D-0E49C503DE89}.Debug|x86.Build.0 = Debug|Win32
		{3DADA264-3893-4D8E-846D-0E49C503DE89}.Release|x64.ActiveCfg = Release|x64
		{3DADA264-3893-4D8E-846D-0E49C503DE89}.Release|x64.Build.0 = Release|x64
		{3DADA264-3893-4D8E-846D-0E49C503DE89}.Release|x86.ActiveCfg = Release|Win32
		{3DADA264-3893-4D8E-846D-0E49C503DE89}.Release|x86.Build.0 = Release|Win32
		{7D62198A-5889-49B3-BD94-4100C0AC6CD8}.Debug|x64.ActiveCfg = Debug|x64
		{7D62198A-5889-49B3-BD94-4100C0AC6CD8}.Debug|x64.Build.0 = Debug|x64
		{7D62198A-5889-49B3-BD94-4100C0AC6CD8}.Debug|x86.ActiveCfg = Debug|Win32
		{7D62198A-5889-49B3-BD94-4100C0AC6CD8}.Debug|x86.Build.0 = Debug|Win32
		{7D62198A-5889-49B3-BD94-4100C0AC6CD8}.Release|x64.ActiveCfg = Release|x64
		{7D62198A-5889-49B3-BD94-4100C0AC6CD8}.Release|x64.Build.0 = Release|x64
		{7D62198A-5889-49B3-BD94-4100C0AC6CD8}.Release|x86.ActiveCfg = Release|Win32
		{7D62198A-5889-49B3-BD94-4100C0AC6CD8}.Release|x86.Build.0 = Release|Win32
		{F1A88E4C-2AF6-40E0-BEAE-F79DEF1593B3}.Debug|x64.ActiveCfg = Debug|x64
		{F1A88E4C-2AF6-40E0-BEAE-F79DEF1593B3}.Debug|x64.Build.0 = Debug|x64
		{F1A88E4C-2AF6-40E0-BEAE-F79DEF1593B3}.Debug|x86.ActiveCfg = Debug|Win32
		{F1A88E4C-2AF6-40E0-BEAE-F79DEF1593B3}.Debug|x86.Build.0 = Debug|Win32
		{F1A88E4C-2AF6-40E0-BEAE-F79DEF1593B3}.Release|x64.ActiveCfg = Release|x64
		{F1A88E4C-2AF6-40E0-BEAE-F79DEF1593B3}.Release|x64.Build.0 = Release|x64
		{F1A88E4C-2AF6-40E0-BEAE-F79DEF1593B3}.Release|x86.ActiveCfg = Release|Win32
		{F1A88E4C-2AF6-40E0-BEAE-F79DEF1593B3}.Release|x86.Build.0 = Release|Win32
		{EC9F8416-E7E1-4470-9250-FA7206273E38}.Debug|x64.ActiveCfg = Debug|x64
		{EC9F8416-E7E1-4470-9250-FA7206273E38}.Debug|x64.Build.0 = Debug|x64
		{EC9F8416-E7E1-4470-9250-FA7206273E38}.Debug|x86.ActiveCfg = Release|x64
		{EC9F8416-E7E1-4470-9250-FA7206273E38}.Debug|x86.Build.0 = Release|x64
		{EC9F8416-E7E1-4470-9250-FA7206273E38}.Release|x64.ActiveCfg = Release|x64
		{EC9F8416-E7E1-4470-9250-FA7206273E38}.Release|x64.Build.0 = Release|x64
		{EC9F8416-E7E1-4470-9250-FA7206273E38}.Release|x86.ActiveCfg = Release|x64
		{026A53E1-22AA-405D-8377-86D0E0042F10}.Debug|x64.ActiveCfg = Debug|x64
		{026A53E1-22AA-405D-8377-86D0E0042F10}.Debug|x64.Build.0 = Debug|x64
		{026A53E1-22AA-405D-8377-86D0E0042F10}.Debug|x86.ActiveCfg = Debug|Win32
		{026A53E1-22AA-405D-8377-86D0E0042F10}.Debug|x86.Build.0 = Debug|Win32
		{026A53E1-22AA-405D-8377-86D0E0042F10}.Release|x64.ActiveCfg = Release|x64
		{026A53E1-22AA-405D-8377-86D0E0042F10}.Release|x64.Build.0 = Release|x64
		{026A53E1-22AA-405D-8377-86D0E0042F10}.Release|x86.ActiveCfg = Release|Win32
		{026A53E1-22AA-405D-8377-86D0E0042F10}.Release|x86.Build.0 = Release|Win32
		{6D2A7CF2-C926-47DE-A581-848D951B5FA3}.Debug|x64.ActiveCfg = Debug|x64
		{6D2A7CF2-C926-47DE-A581-848D951B5FA3}.Debug|x64.Build.0 = Debug|x64
		{6D2A7CF2-C926-47DE-A581-848D951B5FA3}.Debug|x86.ActiveCfg = Debug|Win32
		{6D2A7CF2-C926-47DE-A581-848D951B5FA3}.Debug|x86.Build.0 = Debug|Win32
		{6D2A7CF2-C926-47DE-A581-848D951B5FA3}.Release|x64.ActiveCfg = Release|x64
		{6D2A7CF2-C926-47DE-A581-848D951B5FA3}.Release|x64.Build.0 = Release|x64
		{6D2A7CF2-C926-47DE-A581-848D951B5FA3}.Release|x86.ActiveCfg = Release|Win32
		{6D2A7CF2-C926-47DE-A581-848D951B5FA3}.Release|x86.Build.0 = Release|Win32
		{3A4B6747-2A72-4433-8CB1-621CBE9BAB07}.Debug|x64.ActiveCfg = Debug|x64
		{3A4B6747-2A72-4433-8CB1-621CBE9BAB07}.Debug|x64.Build.0 = Debug|x64
		{3A4B6747-2A72-4433-8CB1-621CBE9BAB07}.Debug|x86.ActiveCfg = Debug|Win32
		{3A4B6747-2A72-4433-8CB1-621CBE9BAB07}.Debug|x86.Build.0 = Debug|Win32
		{3A4B6747-2A72-4433-8CB1-621CBE9BAB07}.Release|x64.ActiveCfg = Release|x64
		{3A4B6747-2A72-4433-8CB1-621CBE9BAB07}.Release|x64.Build.0 = Release|x64
		{3A4B6747-2A72-4433-8CB1-621CBE9BAB07}.Release|x86.ActiveCfg = Release|Win32
		{3A4B6747-2A72-4433-8CB1-621CBE9BAB07}.Release|x86.Build.0 = Release|Win32
		{89E4E0B4-2D6B-4E08-9165-4CCE938660BD}.Debug|x64.ActiveCfg = Debug|x64
		{89E4E0B4-2D6B-4E08-9165-4CCE938660BD}.Debug|x64.Build.0 = Debug|x64
		{89E4E0B4-2D6B-4E08-9165-4CCE938660BD}.Debug|x86.ActiveCfg = Debug|Win32
		{89E4E0B4-2D6B-4E08-9165-4CCE938660BD}.Debug|x86.Build.0 = Debug|Win32
		{89E4E0B4-2D6B-4E08-9165-4CCE938660BD}.Release|x64.ActiveCfg = Release|x64
		{89E4E0B4-2D6B-4E08-9165-4CCE938660BD}.Release|x64.Build.0 = Release|x64
		{89E4E0B4-2D6B-4E08-9165-4CCE938660BD}.Release|x86.ActiveCfg = Release|Win32
		{89E4E0B4-2D6B-4E08-9165-4CCE938660BD}.Release|x86.Build.0 = Release|Win32
		{DBD67775-72A3-403B-8DC9-595EF78358E8}.Debug|x64.ActiveCfg = Debug|x64
		{DBD67775-72A3-403B-8DC9-595EF78358E8}.Debug|x64.Build.0 = Debug|x64
		{DBD67775-72A3-403B-8DC9-595EF78358E8}.Debug|x86.ActiveCfg = Debug|Win32
		{DBD67775-72A3-403B-8DC9-595EF78358E8}.Debug|x86.Build.0 = Debug|Win32
		{DBD67775-72A3-403B-8DC9-595EF78358E8}.Release|x64.ActiveCfg = Release|x64
		{DBD67775-72A3-403B-8DC9-595EF78358E8}.Release|x64.Build.0 = Release|x64
		{DBD67775-72A3-403B-8DC9-595EF78358E8}.Release|x86.ActiveCfg = Release|Win32
		{DBD67775-72A3-403B-8DC9-595EF78358E8}.Release|x86.Build.0 = Release|Win32
		{F2452C90-AB6D-42CB-88FD-4334B19F870C}.Debug|x64.ActiveCfg = Debug|x64
		{F2452C90-AB6D-42CB-88FD-4334B19F870C}.Debug|x64.Build.0 = Debug|x64
		{F2452C90-AB6D-42CB-88FD-4334B19F870C}.Debug|x86.ActiveCfg = Debug|Win32
		{F2452C90-AB6D-42CB-88FD-4334B19F870C}.Debug|x86.Build.0 = Debug|Win32
		{F2452C90-AB6D-42CB-88FD-4334B19F870C}.Release|x64.ActiveCfg = Release|x64
		{F2452C90-AB6D-42CB-88FD-4334B19F870C}.Release|x64.Build.0 = Release|x64
		{F2452C90-AB6D-42CB-88FD-4334B19F870C}.Release|x86.ActiveCfg = Release|Win32
		{F2452C90-AB6D-42CB-88FD-4334B19F870C}.Release|x86.Build.0 = Release|Win32
		{F5F60413-B760-4577-BD03-8D9CD04286C0}.Debug|x64.ActiveCfg = Debug|x64
		{F5F60413-B760-4577-BD03-8D9CD04286C0}.Debug|x64.Build.0 = Debug|x64
		{F5F60413-B760-4577-BD03-8D9CD04286C0}.Debug|x86.ActiveCfg = Debug|Win32
		{F5F60413-B760-4577-BD03-8D9CD04286C0}.Debug|x86.Build.0 = Debug|Win32
		{F5F60413-B760-4577-BD03-8D9CD04286C0}.Release|x64.ActiveCfg = Release|x64
		{F5F60413-B760-4577-BD03-8D9CD04286C0}.Release|x64.Build.0 = Release|x64
		{F5F60413-B760-4577-BD03-8D9CD04286C0}.Release|x86.ActiveCfg = Release|Win32
		{F5F60413-B760-4577-BD03-8D9CD04286C0}.Release|x86.Build.0 = Release|Win32
		{0B53B502-AE9E-40A8-932E-5AF748DF3912}.Debug|x64.ActiveCfg = Debug|x64
		{0B53B502-AE9E-40A8-932E-5AF748DF3912}.Debug|x64.Build.0 = Debug|x64
		{0B53B502-AE9E-40A8-932E-5AF748DF3912}.Debug|x86.ActiveCfg = Debug|x64
		{0B53B502-AE9E-40A8-932E-5AF748DF3912}.Release|x64.ActiveCfg = Release|x64
		{0B53B502-AE9E-40A8-932E-5AF748DF3912}.Release|x64.Build.0 = Release|x64
		{0B53B502-AE9E-40A8-932E-5AF748DF3912}.Release|x86.ActiveCfg = Release|x64
	EndGlobalSection
	GlobalSection(SolutionProperties) = preSolution
		HideSolutionNode = FALSE
	EndGlobalSection
	GlobalSection(NestedProjects) = preSolution
		{D3A01780-35F7-4B01-B2AC-241D5245687E} = {ED2111D5-27B6-4E2B-8E28-01FF173750C8}
		{B0854676-4EEA-485E-8C6B-16BCFCB9EB18} = {ED2111D5-27B6-4E2B-8E28-01FF173750C8}
		{BF630851-63AB-406D-A6F7-00D268F403EE} = {ED2111D5-27B6-4E2B-8E28-01FF173750C8}
		{F8DFC15E-11B6-4423-BEFB-BC41546E5598} = {ED2111D5-27B6-4E2B-8E28-01FF173750C8}
		{2ED7FC8D-AADF-4676-B5D1-5ECCC479BD10} = {ED2111D5-27B6-4E2B-8E28-01FF173750C8}
		{026E63E4-4685-487C-A2AF-CABDE1858BF8} = {ED2111D5-27B6-4E2B-8E28-01FF173750C8}
		{43AD0A70-E908-4B94-8167-A1A14E9F23C6} = {ED2111D5-27B6-4E2B-8E28-01FF173750C8}
		{DADBBF17-7C27-4D13-B60A-73D37F0DA1F3} = {ED2111D5-27B6-4E2B-8E28-01FF173750C8}
		{D2A78E7F-6FCC-4C30-8610-E3868E86C87C} = {ED2111D5-27B6-4E2B-8E28-01FF173750C8}
		{7878B4DE-1A09-4E5E-B6F1-F6941C2AA292} = {ED2111D5-27B6-4E2B-8E28-01FF173750C8}
		{1E18073B-4048-4185-A5B4-8ADCA554A2DA} = {CB6A4F43-D5C1-41D9-94A5-2A2A1DA045DF}
		{68092137-2196-453E-AE71-A06861093138} = {ED2111D5-27B6-4E2B-8E28-01FF173750C8}
		{33D7DA59-534C-40EE-9F25-59B184DB5CEF} = {CB6A4F43-D5C1-41D9-94A5-2A2A1DA045DF}
		{3DADA264-3893-4D8E-846D-0E49C503DE89} = {ED2111D5-27B6-4E2B-8E28-01FF173750C8}
		{7D62198A-5889-49B3-BD94-4100C0AC6CD8} = {ED2111D5-27B6-4E2B-8E28-01FF173750C8}
		{F1A88E4C-2AF6-40E0-BEAE-F79DEF1593B3} = {ED2111D5-27B6-4E2B-8E28-01FF173750C8}
		{EC9F8416-E7E1-4470-9250-FA7206273E38} = {CB6A4F43-D5C1-41D9-94A5-2A2A1DA045DF}
		{026A53E1-22AA-405D-8377-86D0E0042F10} = {0467F90F-856D-4079-BD11-B1F5EE5610CA}
		{6D2A7CF2-C926-47DE-A581-848D951B5FA3} = {0467F90F-856D-4079-BD11-B1F5EE5610CA}
		{3A4B6747-2A72-4433-8CB1-621CBE9BAB07} = {ED2111D5-27B6-4E2B-8E28-01FF173750C8}
		{89E4E0B4-2D6B-4E08-9165-4CCE938660BD} = {ED2111D5-27B6-4E2B-8E28-01FF173750C8}
		{DBD67775-72A3-403B-8DC9-595EF78358E8} = {ED2111D5-27B6-4E2B-8E28-01FF173750C8}
		{F2452C90-AB6D-42CB-88FD-4334B19F870C} = {ED2111D5-27B6-4E2B-8E28-01FF173750C8}
		{F5F60413-B760-4577-BD03-8D9CD04286C0} = {ED2111D5-27B6-4E2B-8E28-01FF173750C8}
		{0B53B502-AE9E-40A8-932E-5AF748DF3912} = {CB6A4F43-D5C1-41D9-94A5-2A2A1DA045DF}
	EndGlobalSection
	GlobalSection(ExtensibilityGlobals) = postSolution
		SolutionGuid = {0581FFE8-DC3D-4EDE-A90F-D2A42D49266E}
	EndGlobalSection
EndGlobal
