<?xml version="1.0" encoding="utf-8"?>
<Project ToolsVersion="4.0" xmlns="http://schemas.microsoft.com/developer/msbuild/2003">
  <ItemGroup>
    <ClInclude Include="Graphics.h" />
    <ClInclude Include="windows.h" />
    <ClInclude Include="Mesh.h" />
    <ClInclude Include="Effect.h" />
    <ClInclude Include="windows\windows.h">
      <Filter>windows</Filter>
    </ClInclude>
    <ClInclude Include="RenderComponent.h">
      <Filter>ECS</Filter>
    </ClInclude>
    <ClInclude Include="RenderSystem.h">
      <Filter>ECS</Filter>
    </ClInclude>
    <ClInclude Include="ConstantBuffer.h" />
    <ClInclude Include="RenderData.h">
      <Filter>RenderData</Filter>
    </ClInclude>
    <ClInclude Include="rText.h">
      <Filter>RenderData</Filter>
    </ClInclude>
    <ClInclude Include="rObject.h">
      <Filter>RenderData</Filter>
    </ClInclude>
    <ClInclude Include="rMesh.h">
      <Filter>RenderData</Filter>
    </ClInclude>
    <ClInclude Include="rImage.h">
      <Filter>RenderData</Filter>
    </ClInclude>
    <ClInclude Include="Texture.h" />
  </ItemGroup>
  <ItemGroup>
    <ClCompile Include="RenderSystem.d3d.cpp">
      <Filter>Direct3D</Filter>
    </ClCompile>
    <ClCompile Include="Graphics.cpp" />
    <ClCompile Include="Mesh.cpp" />
    <ClCompile Include="Effect.cpp" />
    <ClCompile Include="RenderComponent.cpp">
      <Filter>ECS</Filter>
    </ClCompile>
    <ClCompile Include="RenderSystem.cpp">
      <Filter>ECS</Filter>
    </ClCompile>
    <ClCompile Include="ConstantBuffer.cpp" />
    <ClCompile Include="RenderData.cpp">
      <Filter>RenderData</Filter>
    </ClCompile>
    <ClCompile Include="rText.cpp">
      <Filter>RenderData</Filter>
    </ClCompile>
    <ClCompile Include="rObject.cpp">
      <Filter>RenderData</Filter>
    </ClCompile>
    <ClCompile Include="rImage.cpp">
      <Filter>RenderData</Filter>
    </ClCompile>
    <ClCompile Include="rMesh.cpp">
      <Filter>RenderData</Filter>
    </ClCompile>
    <ClCompile Include="Texture.cpp" />
  </ItemGroup>
  <ItemGroup>
    <Filter Include="OpenGL">
      <UniqueIdentifier>{bb2e233d-cc2a-4b4c-bee4-55e756e30d39}</UniqueIdentifier>
    </Filter>
    <Filter Include="Direct3D">
      <UniqueIdentifier>{fef67ff7-8bc7-433d-ba82-05e22de26891}</UniqueIdentifier>
    </Filter>
    <Filter Include="windows">
      <UniqueIdentifier>{5f66bf62-6a8b-4978-bdf5-32f0db396743}</UniqueIdentifier>
    </Filter>
    <Filter Include="ECS">
      <UniqueIdentifier>{c9b52d9b-6ae6-41ad-8f72-2ba9387e0b92}</UniqueIdentifier>
    </Filter>
    <Filter Include="RenderData">
      <UniqueIdentifier>{d583f5e9-5042-4f29-a5d4-171a94e3fcfc}</UniqueIdentifier>
    </Filter>
  </ItemGroup>
  <ItemGroup>
    <FxCompile Include="VertexShader.hlsl" />
    <FxCompile Include="PixelShader.hlsl" />
    <FxCompile Include="texturePixel.hlsl" />
    <FxCompile Include="waterPixel.hlsl" />
  </ItemGroup>
  <ItemGroup>
    <None Include="packages.config" />
  </ItemGroup>
</Project>