<?xml version="1.0" encoding="utf-8"?>
<Project ToolsVersion="4.0" xmlns="http://schemas.microsoft.com/developer/msbuild/2003">
  <ItemGroup>
    <ClCompile Include="Animation.cpp" />
    <ClCompile Include="KeyFrame.cpp" />
    <ClCompile Include="SklChannel.cpp" />
    <ClCompile Include="AnimationClip.cpp" />
    <ClCompile Include="AnimationSystem.cpp">
      <Filter>ECS</Filter>
    </ClCompile>
    <ClCompile Include="AnimationComponent.cpp">
      <Filter>ECS</Filter>
    </ClCompile>
    <ClCompile Include="AnimationImporter.cpp" />
    <ClCompile Include="SklAnimClip.cpp" />
    <ClCompile Include="SkinCluster.cpp" />
    <ClCompile Include="SklCharacter.cpp" />
  </ItemGroup>
  <ItemGroup>
    <ClInclude Include="Animation.h" />
    <ClInclude Include="KeyFrame.h" />
    <ClInclude Include="SklChannel.h" />
    <ClInclude Include="AnimationClip.h" />
    <ClInclude Include="AnimationSystem.h">
      <Filter>ECS</Filter>
    </ClInclude>
    <ClInclude Include="AnimationComponent.h">
      <Filter>ECS</Filter>
    </ClInclude>
    <ClInclude Include="AnimationImporter.h" />
    <ClInclude Include="SklAnimClip.h" />
    <ClInclude Include="SkinCluster.h" />
    <ClInclude Include="SklCharacter.h" />
  </ItemGroup>
  <ItemGroup>
    <Filter Include="ECS">
      <UniqueIdentifier>{728d1f42-9fd2-4776-a4f6-22b99a0d7820}</UniqueIdentifier>
    </Filter>
  </ItemGroup>
</Project>