<?xml version="1.0" encoding="utf-8"?>
<Project ToolsVersion="4.0" xmlns="http://schemas.microsoft.com/developer/msbuild/2003">
  <ItemGroup>
    <ClCompile Include="MeshRender.cpp" />
    <ClCompile Include="MeshRenderComponent.cpp">
      <Filter>ECS</Filter>
    </ClCompile>
    <ClCompile Include="MeshRenderSystem.cpp">
      <Filter>ECS</Filter>
    </ClCompile>
  </ItemGroup>
  <ItemGroup>
    <ClInclude Include="MeshRender.h" />
    <ClInclude Include="MeshRenderSystem.h">
      <Filter>ECS</Filter>
    </ClInclude>
    <ClInclude Include="MeshRenderComponent.h">
      <Filter>ECS</Filter>
    </ClInclude>
  </ItemGroup>
  <ItemGroup>
    <Filter Include="ECS">
      <UniqueIdentifier>{b0514403-9071-4e07-88f4-f14e08288983}</UniqueIdentifier>
    </Filter>
  </ItemGroup>
</Project>