<?xml version="1.0" encoding="utf-8"?>
<Project ToolsVersion="4.0" xmlns="http://schemas.microsoft.com/developer/msbuild/2003">
  <ItemGroup>
    <ClCompile Include="MeshRender.cpp" />
    <ClCompile Include="MeshRenderSystem.cpp" />
    <ClCompile Include="MeshRenderComponent.cpp" />
  </ItemGroup>
  <ItemGroup>
    <ClInclude Include="MeshRender.h" />
    <ClInclude Include="MeshRenderSystem.h" />
    <ClInclude Include="MeshRenderComponent.h" />
  </ItemGroup>
</Project>